// !$*UTF8*$!
{
	archiveVersion = 1;
	classes = {
	};
	objectVersion = 46;
	objects = {

/* Begin PBXBuildFile section */
		061F435311199221C6306B27 /* libPods.a in Frameworks */ = {isa = PBXBuildFile; fileRef = D7A38C73AB7084B247E9C598 /* libPods.a */; };
		4C035CF81A92E4E400C46B70 /* main.m in Sources */ = {isa = PBXBuildFile; fileRef = 4C035CF71A92E4E400C46B70 /* main.m */; };
		4C035CFB1A92E4E400C46B70 /* AppDelegate.m in Sources */ = {isa = PBXBuildFile; fileRef = 4C035CFA1A92E4E400C46B70 /* AppDelegate.m */; };
		4C035CFE1A92E4E400C46B70 /* ViewController.m in Sources */ = {isa = PBXBuildFile; fileRef = 4C035CFD1A92E4E400C46B70 /* ViewController.m */; };
		4C035D011A92E4E400C46B70 /* Main.storyboard in Resources */ = {isa = PBXBuildFile; fileRef = 4C035CFF1A92E4E400C46B70 /* Main.storyboard */; };
		4C035D031A92E4E400C46B70 /* Images.xcassets in Resources */ = {isa = PBXBuildFile; fileRef = 4C035D021A92E4E400C46B70 /* Images.xcassets */; };
		4C035D061A92E4E400C46B70 /* LaunchScreen.xib in Resources */ = {isa = PBXBuildFile; fileRef = 4C035D041A92E4E400C46B70 /* LaunchScreen.xib */; };
		4C035D121A92E4E400C46B70 /* newsWebTests.m in Sources */ = {isa = PBXBuildFile; fileRef = 4C035D111A92E4E400C46B70 /* newsWebTests.m */; };
		4C9FF0261A9D72B400741A09 /* MBNHttpManager.m in Sources */ = {isa = PBXBuildFile; fileRef = 4C9FF0251A9D72B400741A09 /* MBNHttpManager.m */; };
		4C9FF0291A9D865300741A09 /* newsModel.m in Sources */ = {isa = PBXBuildFile; fileRef = 4C9FF0281A9D865300741A09 /* newsModel.m */; };
		4C9FF02C1A9D8E2C00741A09 /* MBNTableViewCell.m in Sources */ = {isa = PBXBuildFile; fileRef = 4C9FF02B1A9D8E2C00741A09 /* MBNTableViewCell.m */; };
		4C9FF0301A9D9D9900741A09 /* MBNDetailViewController.m in Sources */ = {isa = PBXBuildFile; fileRef = 4C9FF02E1A9D9D9900741A09 /* MBNDetailViewController.m */; };
		4C9FF0331A9D9DEF00741A09 /* MBNDetailViewController.storyboard in Resources */ = {isa = PBXBuildFile; fileRef = 4C9FF0321A9D9DEF00741A09 /* MBNDetailViewController.storyboard */; };
		4C9FF0361A9DA10700741A09 /* DetailModel.m in Sources */ = {isa = PBXBuildFile; fileRef = 4C9FF0351A9DA10700741A09 /* DetailModel.m */; };
		4C9FF03A1A9DA24900741A09 /* MBNImage.m in Sources */ = {isa = PBXBuildFile; fileRef = 4C9FF0391A9DA24900741A09 /* MBNImage.m */; };
/* End PBXBuildFile section */

/* Begin PBXContainerItemProxy section */
		4C035D0C1A92E4E400C46B70 /* PBXContainerItemProxy */ = {
			isa = PBXContainerItemProxy;
			containerPortal = 4C035CEA1A92E4E400C46B70 /* Project object */;
			proxyType = 1;
			remoteGlobalIDString = 4C035CF11A92E4E400C46B70;
			remoteInfo = newsWeb;
		};
/* End PBXContainerItemProxy section */

/* Begin PBXFileReference section */
		4C035CF21A92E4E400C46B70 /* newsWeb.app */ = {isa = PBXFileReference; explicitFileType = wrapper.application; includeInIndex = 0; path = newsWeb.app; sourceTree = BUILT_PRODUCTS_DIR; };
		4C035CF61A92E4E400C46B70 /* Info.plist */ = {isa = PBXFileReference; lastKnownFileType = text.plist.xml; path = Info.plist; sourceTree = "<group>"; };
		4C035CF71A92E4E400C46B70 /* main.m */ = {isa = PBXFileReference; lastKnownFileType = sourcecode.c.objc; path = main.m; sourceTree = "<group>"; };
		4C035CF91A92E4E400C46B70 /* AppDelegate.h */ = {isa = PBXFileReference; lastKnownFileType = sourcecode.c.h; path = AppDelegate.h; sourceTree = "<group>"; };
		4C035CFA1A92E4E400C46B70 /* AppDelegate.m */ = {isa = PBXFileReference; lastKnownFileType = sourcecode.c.objc; path = AppDelegate.m; sourceTree = "<group>"; };
		4C035CFC1A92E4E400C46B70 /* ViewController.h */ = {isa = PBXFileReference; lastKnownFileType = sourcecode.c.h; path = ViewController.h; sourceTree = "<group>"; };
		4C035CFD1A92E4E400C46B70 /* ViewController.m */ = {isa = PBXFileReference; lastKnownFileType = sourcecode.c.objc; path = ViewController.m; sourceTree = "<group>"; };
		4C035D001A92E4E400C46B70 /* Base */ = {isa = PBXFileReference; lastKnownFileType = file.storyboard; name = Base; path = Base.lproj/Main.storyboard; sourceTree = "<group>"; };
		4C035D021A92E4E400C46B70 /* Images.xcassets */ = {isa = PBXFileReference; lastKnownFileType = folder.assetcatalog; path = Images.xcassets; sourceTree = "<group>"; };
		4C035D051A92E4E400C46B70 /* Base */ = {isa = PBXFileReference; lastKnownFileType = file.xib; name = Base; path = Base.lproj/LaunchScreen.xib; sourceTree = "<group>"; };
		4C035D0B1A92E4E400C46B70 /* newsWebTests.xctest */ = {isa = PBXFileReference; explicitFileType = wrapper.cfbundle; includeInIndex = 0; path = newsWebTests.xctest; sourceTree = BUILT_PRODUCTS_DIR; };
		4C035D101A92E4E400C46B70 /* Info.plist */ = {isa = PBXFileReference; lastKnownFileType = text.plist.xml; path = Info.plist; sourceTree = "<group>"; };
		4C035D111A92E4E400C46B70 /* newsWebTests.m */ = {isa = PBXFileReference; lastKnownFileType = sourcecode.c.objc; path = newsWebTests.m; sourceTree = "<group>"; };
		4C9FF0241A9D72B400741A09 /* MBNHttpManager.h */ = {isa = PBXFileReference; fileEncoding = 4; lastKnownFileType = sourcecode.c.h; path = MBNHttpManager.h; sourceTree = "<group>"; };
		4C9FF0251A9D72B400741A09 /* MBNHttpManager.m */ = {isa = PBXFileReference; fileEncoding = 4; lastKnownFileType = sourcecode.c.objc; path = MBNHttpManager.m; sourceTree = "<group>"; };
		4C9FF0271A9D865300741A09 /* newsModel.h */ = {isa = PBXFileReference; fileEncoding = 4; lastKnownFileType = sourcecode.c.h; path = newsModel.h; sourceTree = "<group>"; };
		4C9FF0281A9D865300741A09 /* newsModel.m */ = {isa = PBXFileReference; fileEncoding = 4; lastKnownFileType = sourcecode.c.objc; path = newsModel.m; sourceTree = "<group>"; };
		4C9FF02A1A9D8E2C00741A09 /* MBNTableViewCell.h */ = {isa = PBXFileReference; fileEncoding = 4; lastKnownFileType = sourcecode.c.h; path = MBNTableViewCell.h; sourceTree = "<group>"; };
		4C9FF02B1A9D8E2C00741A09 /* MBNTableViewCell.m */ = {isa = PBXFileReference; fileEncoding = 4; lastKnownFileType = sourcecode.c.objc; path = MBNTableViewCell.m; sourceTree = "<group>"; };
		4C9FF02D1A9D9D9900741A09 /* MBNDetailViewController.h */ = {isa = PBXFileReference; fileEncoding = 4; lastKnownFileType = sourcecode.c.h; path = MBNDetailViewController.h; sourceTree = "<group>"; };
		4C9FF02E1A9D9D9900741A09 /* MBNDetailViewController.m */ = {isa = PBXFileReference; fileEncoding = 4; lastKnownFileType = sourcecode.c.objc; path = MBNDetailViewController.m; sourceTree = "<group>"; };
		4C9FF0321A9D9DEF00741A09 /* MBNDetailViewController.storyboard */ = {isa = PBXFileReference; fileEncoding = 4; lastKnownFileType = file.storyboard; path = MBNDetailViewController.storyboard; sourceTree = "<group>"; };
		4C9FF0341A9DA10700741A09 /* DetailModel.h */ = {isa = PBXFileReference; fileEncoding = 4; lastKnownFileType = sourcecode.c.h; path = DetailModel.h; sourceTree = "<group>"; };
		4C9FF0351A9DA10700741A09 /* DetailModel.m */ = {isa = PBXFileReference; fileEncoding = 4; lastKnownFileType = sourcecode.c.objc; path = DetailModel.m; sourceTree = "<group>"; };
		4C9FF0381A9DA24900741A09 /* MBNImage.h */ = {isa = PBXFileReference; fileEncoding = 4; lastKnownFileType = sourcecode.c.h; path = MBNImage.h; sourceTree = "<group>"; };
		4C9FF0391A9DA24900741A09 /* MBNImage.m */ = {isa = PBXFileReference; fileEncoding = 4; lastKnownFileType = sourcecode.c.objc; path = MBNImage.m; sourceTree = "<group>"; };
		8103B820AA5C520CAFE343BD /* Pods.debug.xcconfig */ = {isa = PBXFileReference; includeInIndex = 1; lastKnownFileType = text.xcconfig; name = Pods.debug.xcconfig; path = "Pods/Target Support Files/Pods/Pods.debug.xcconfig"; sourceTree = "<group>"; };
		A0CA126431487C66D00C9275 /* Pods.release.xcconfig */ = {isa = PBXFileReference; includeInIndex = 1; lastKnownFileType = text.xcconfig; name = Pods.release.xcconfig; path = "Pods/Target Support Files/Pods/Pods.release.xcconfig"; sourceTree = "<group>"; };
		D7A38C73AB7084B247E9C598 /* libPods.a */ = {isa = PBXFileReference; explicitFileType = archive.ar; includeInIndex = 0; path = libPods.a; sourceTree = BUILT_PRODUCTS_DIR; };
/* End PBXFileReference section */

/* Begin PBXFrameworksBuildPhase section */
		4C035CEF1A92E4E400C46B70 /* Frameworks */ = {
			isa = PBXFrameworksBuildPhase;
			buildActionMask = 2147483647;
			files = (
				061F435311199221C6306B27 /* libPods.a in Frameworks */,
			);
			runOnlyForDeploymentPostprocessing = 0;
		};
		4C035D081A92E4E400C46B70 /* Frameworks */ = {
			isa = PBXFrameworksBuildPhase;
			buildActionMask = 2147483647;
			files = (
			);
			runOnlyForDeploymentPostprocessing = 0;
		};
/* End PBXFrameworksBuildPhase section */

/* Begin PBXGroup section */
		440467D42B44B5D5DDD9AE0F /* Pods */ = {
			isa = PBXGroup;
			children = (
				8103B820AA5C520CAFE343BD /* Pods.debug.xcconfig */,
				A0CA126431487C66D00C9275 /* Pods.release.xcconfig */,
			);
			name = Pods;
			sourceTree = "<group>";
		};
		4C035CE91A92E4E400C46B70 = {
			isa = PBXGroup;
			children = (
				4C035CF41A92E4E400C46B70 /* newsWeb */,
				4C035D0E1A92E4E400C46B70 /* newsWebTests */,
				4C035CF31A92E4E400C46B70 /* Products */,
				440467D42B44B5D5DDD9AE0F /* Pods */,
				55B894B128D1774A6857151E /* Frameworks */,
			);
			sourceTree = "<group>";
		};
		4C035CF31A92E4E400C46B70 /* Products */ = {
			isa = PBXGroup;
			children = (
				4C035CF21A92E4E400C46B70 /* newsWeb.app */,
				4C035D0B1A92E4E400C46B70 /* newsWebTests.xctest */,
			);
			name = Products;
			sourceTree = "<group>";
		};
		4C035CF41A92E4E400C46B70 /* newsWeb */ = {
			isa = PBXGroup;
			children = (
				4C035CF91A92E4E400C46B70 /* AppDelegate.h */,
				4C035CFA1A92E4E400C46B70 /* AppDelegate.m */,
				4C035CFC1A92E4E400C46B70 /* ViewController.h */,
				4C035CFD1A92E4E400C46B70 /* ViewController.m */,
				4C035CFF1A92E4E400C46B70 /* Main.storyboard */,
				4C9FF02A1A9D8E2C00741A09 /* MBNTableViewCell.h */,
				4C9FF02B1A9D8E2C00741A09 /* MBNTableViewCell.m */,
				4C9FF02D1A9D9D9900741A09 /* MBNDetailViewController.h */,
				4C9FF02E1A9D9D9900741A09 /* MBNDetailViewController.m */,
				4C9FF0321A9D9DEF00741A09 /* MBNDetailViewController.storyboard */,
				4C035D021A92E4E400C46B70 /* Images.xcassets */,
				4C035D041A92E4E400C46B70 /* LaunchScreen.xib */,
				4C9FF0241A9D72B400741A09 /* MBNHttpManager.h */,
				4C9FF0251A9D72B400741A09 /* MBNHttpManager.m */,
				4C035CF51A92E4E400C46B70 /* Supporting Files */,
				4C9FF0271A9D865300741A09 /* newsModel.h */,
				4C9FF0281A9D865300741A09 /* newsModel.m */,
				4C9FF0341A9DA10700741A09 /* DetailModel.h */,
				4C9FF0351A9DA10700741A09 /* DetailModel.m */,
				4C9FF0381A9DA24900741A09 /* MBNImage.h */,
				4C9FF0391A9DA24900741A09 /* MBNImage.m */,
			);
			path = newsWeb;
			sourceTree = "<group>";
		};
		4C035CF51A92E4E400C46B70 /* Supporting Files */ = {
			isa = PBXGroup;
			children = (
				4C035CF61A92E4E400C46B70 /* Info.plist */,
				4C035CF71A92E4E400C46B70 /* main.m */,
			);
			name = "Supporting Files";
			sourceTree = "<group>";
		};
		4C035D0E1A92E4E400C46B70 /* newsWebTests */ = {
			isa = PBXGroup;
			children = (
				4C035D111A92E4E400C46B70 /* newsWebTests.m */,
				4C035D0F1A92E4E400C46B70 /* Supporting Files */,
			);
			path = newsWebTests;
			sourceTree = "<group>";
		};
		4C035D0F1A92E4E400C46B70 /* Supporting Files */ = {
			isa = PBXGroup;
			children = (
				4C035D101A92E4E400C46B70 /* Info.plist */,
			);
			name = "Supporting Files";
			sourceTree = "<group>";
		};
		55B894B128D1774A6857151E /* Frameworks */ = {
			isa = PBXGroup;
			children = (
				D7A38C73AB7084B247E9C598 /* libPods.a */,
			);
			name = Frameworks;
			sourceTree = "<group>";
		};
/* End PBXGroup section */

/* Begin PBXNativeTarget section */
		4C035CF11A92E4E400C46B70 /* newsWeb */ = {
			isa = PBXNativeTarget;
			buildConfigurationList = 4C035D151A92E4E400C46B70 /* Build configuration list for PBXNativeTarget "newsWeb" */;
			buildPhases = (
				906CF3681CCE23521DC3A59C /* Check Pods Manifest.lock */,
				4C035CEE1A92E4E400C46B70 /* Sources */,
				4C035CEF1A92E4E400C46B70 /* Frameworks */,
				4C035CF01A92E4E400C46B70 /* Resources */,
				06C0E43CF7A56D822FC95170 /* Copy Pods Resources */,
			);
			buildRules = (
			);
			dependencies = (
			);
			name = newsWeb;
			productName = newsWeb;
			productReference = 4C035CF21A92E4E400C46B70 /* newsWeb.app */;
			productType = "com.apple.product-type.application";
		};
		4C035D0A1A92E4E400C46B70 /* newsWebTests */ = {
			isa = PBXNativeTarget;
			buildConfigurationList = 4C035D181A92E4E400C46B70 /* Build configuration list for PBXNativeTarget "newsWebTests" */;
			buildPhases = (
				4C035D071A92E4E400C46B70 /* Sources */,
				4C035D081A92E4E400C46B70 /* Frameworks */,
				4C035D091A92E4E400C46B70 /* Resources */,
			);
			buildRules = (
			);
			dependencies = (
				4C035D0D1A92E4E400C46B70 /* PBXTargetDependency */,
			);
			name = newsWebTests;
			productName = newsWebTests;
			productReference = 4C035D0B1A92E4E400C46B70 /* newsWebTests.xctest */;
			productType = "com.apple.product-type.bundle.unit-test";
		};
/* End PBXNativeTarget section */

/* Begin PBXProject section */
		4C035CEA1A92E4E400C46B70 /* Project object */ = {
			isa = PBXProject;
			attributes = {
				LastUpgradeCheck = 0620;
				ORGANIZATIONNAME = monileNowGroup;
				TargetAttributes = {
					4C035CF11A92E4E400C46B70 = {
						CreatedOnToolsVersion = 6.2;
					};
					4C035D0A1A92E4E400C46B70 = {
						CreatedOnToolsVersion = 6.2;
						TestTargetID = 4C035CF11A92E4E400C46B70;
					};
				};
			};
			buildConfigurationList = 4C035CED1A92E4E400C46B70 /* Build configuration list for PBXProject "newsWeb" */;
			compatibilityVersion = "Xcode 3.2";
			developmentRegion = English;
			hasScannedForEncodings = 0;
			knownRegions = (
				en,
				Base,
			);
			mainGroup = 4C035CE91A92E4E400C46B70;
			productRefGroup = 4C035CF31A92E4E400C46B70 /* Products */;
			projectDirPath = "";
			projectRoot = "";
			targets = (
				4C035CF11A92E4E400C46B70 /* newsWeb */,
				4C035D0A1A92E4E400C46B70 /* newsWebTests */,
			);
		};
/* End PBXProject section */

/* Begin PBXResourcesBuildPhase section */
		4C035CF01A92E4E400C46B70 /* Resources */ = {
			isa = PBXResourcesBuildPhase;
			buildActionMask = 2147483647;
			files = (
				4C035D011A92E4E400C46B70 /* Main.storyboard in Resources */,
				4C035D061A92E4E400C46B70 /* LaunchScreen.xib in Resources */,
				4C035D031A92E4E400C46B70 /* Images.xcassets in Resources */,
				4C9FF0331A9D9DEF00741A09 /* MBNDetailViewController.storyboard in Resources */,
			);
			runOnlyForDeploymentPostprocessing = 0;
		};
		4C035D091A92E4E400C46B70 /* Resources */ = {
			isa = PBXResourcesBuildPhase;
			buildActionMask = 2147483647;
			files = (
			);
			runOnlyForDeploymentPostprocessing = 0;
		};
/* End PBXResourcesBuildPhase section */

/* Begin PBXShellScriptBuildPhase section */
		06C0E43CF7A56D822FC95170 /* Copy Pods Resources */ = {
			isa = PBXShellScriptBuildPhase;
			buildActionMask = 2147483647;
			files = (
			);
			inputPaths = (
			);
			name = "Copy Pods Resources";
			outputPaths = (
			);
			runOnlyForDeploymentPostprocessing = 0;
			shellPath = /bin/sh;
			shellScript = "\"${SRCROOT}/Pods/Target Support Files/Pods/Pods-resources.sh\"\n";
			showEnvVarsInLog = 0;
		};
		906CF3681CCE23521DC3A59C /* Check Pods Manifest.lock */ = {
			isa = PBXShellScriptBuildPhase;
			buildActionMask = 2147483647;
			files = (
			);
			inputPaths = (
			);
			name = "Check Pods Manifest.lock";
			outputPaths = (
			);
			runOnlyForDeploymentPostprocessing = 0;
			shellPath = /bin/sh;
			shellScript = "diff \"${PODS_ROOT}/../Podfile.lock\" \"${PODS_ROOT}/Manifest.lock\" > /dev/null\nif [[ $? != 0 ]] ; then\n    cat << EOM\nerror: The sandbox is not in sync with the Podfile.lock. Run 'pod install' or update your CocoaPods installation.\nEOM\n    exit 1\nfi\n";
			showEnvVarsInLog = 0;
		};
/* End PBXShellScriptBuildPhase section */

/* Begin PBXSourcesBuildPhase section */
		4C035CEE1A92E4E400C46B70 /* Sources */ = {
			isa = PBXSourcesBuildPhase;
			buildActionMask = 2147483647;
			files = (
				4C035CFE1A92E4E400C46B70 /* ViewController.m in Sources */,
				4C9FF03A1A9DA24900741A09 /* MBNImage.m in Sources */,
				4C9FF0301A9D9D9900741A09 /* MBNDetailViewController.m in Sources */,
				4C035CFB1A92E4E400C46B70 /* AppDelegate.m in Sources */,
				4C035CF81A92E4E400C46B70 /* main.m in Sources */,
				4C9FF0361A9DA10700741A09 /* DetailModel.m in Sources */,
				4C9FF0261A9D72B400741A09 /* MBNHttpManager.m in Sources */,
				4C9FF0291A9D865300741A09 /* newsModel.m in Sources */,
				4C9FF02C1A9D8E2C00741A09 /* MBNTableViewCell.m in Sources */,
			);
			runOnlyForDeploymentPostprocessing = 0;
		};
		4C035D071A92E4E400C46B70 /* Sources */ = {
			isa = PBXSourcesBuildPhase;
			buildActionMask = 2147483647;
			files = (
				4C035D121A92E4E400C46B70 /* newsWebTests.m in Sources */,
			);
			runOnlyForDeploymentPostprocessing = 0;
		};
/* End PBXSourcesBuildPhase section */

/* Begin PBXTargetDependency section */
		4C035D0D1A92E4E400C46B70 /* PBXTargetDependency */ = {
			isa = PBXTargetDependency;
			target = 4C035CF11A92E4E400C46B70 /* newsWeb */;
			targetProxy = 4C035D0C1A92E4E400C46B70 /* PBXContainerItemProxy */;
		};
/* End PBXTargetDependency section */

/* Begin PBXVariantGroup section */
		4C035CFF1A92E4E400C46B70 /* Main.storyboard */ = {
			isa = PBXVariantGroup;
			children = (
				4C035D001A92E4E400C46B70 /* Base */,
			);
			name = Main.storyboard;
			sourceTree = "<group>";
		};
		4C035D041A92E4E400C46B70 /* LaunchScreen.xib */ = {
			isa = PBXVariantGroup;
			children = (
				4C035D051A92E4E400C46B70 /* Base */,
			);
			name = LaunchScreen.xib;
			sourceTree = "<group>";
		};
/* End PBXVariantGroup section */

/* Begin XCBuildConfiguration section */
		4C035D131A92E4E400C46B70 /* Debug */ = {
			isa = XCBuildConfiguration;
			buildSettings = {
				ALWAYS_SEARCH_USER_PATHS = NO;
				CLANG_CXX_LANGUAGE_STANDARD = "gnu++0x";
				CLANG_CXX_LIBRARY = "libc++";
				CLANG_ENABLE_MODULES = YES;
				CLANG_ENABLE_OBJC_ARC = YES;
				CLANG_WARN_BOOL_CONVERSION = YES;
				CLANG_WARN_CONSTANT_CONVERSION = YES;
				CLANG_WARN_DIRECT_OBJC_ISA_USAGE = YES_ERROR;
				CLANG_WARN_EMPTY_BODY = YES;
				CLANG_WARN_ENUM_CONVERSION = YES;
				CLANG_WARN_INT_CONVERSION = YES;
				CLANG_WARN_OBJC_ROOT_CLASS = YES_ERROR;
				CLANG_WARN_UNREACHABLE_CODE = YES;
				CLANG_WARN__DUPLICATE_METHOD_MATCH = YES;
				"CODE_SIGN_IDENTITY[sdk=iphoneos*]" = "iPhone Developer";
				COPY_PHASE_STRIP = NO;
				ENABLE_STRICT_OBJC_MSGSEND = YES;
				GCC_C_LANGUAGE_STANDARD = gnu99;
				GCC_DYNAMIC_NO_PIC = NO;
				GCC_OPTIMIZATION_LEVEL = 0;
				GCC_PREPROCESSOR_DEFINITIONS = (
					"DEBUG=1",
					"$(inherited)",
				);
				GCC_SYMBOLS_PRIVATE_EXTERN = NO;
				GCC_WARN_64_TO_32_BIT_CONVERSION = YES;
				GCC_WARN_ABOUT_RETURN_TYPE = YES_ERROR;
				GCC_WARN_UNDECLARED_SELECTOR = YES;
				GCC_WARN_UNINITIALIZED_AUTOS = YES_AGGRESSIVE;
				GCC_WARN_UNUSED_FUNCTION = YES;
				GCC_WARN_UNUSED_VARIABLE = YES;
				IPHONEOS_DEPLOYMENT_TARGET = 8.2;
				MTL_ENABLE_DEBUG_INFO = YES;
				ONLY_ACTIVE_ARCH = YES;
				SDKROOT = iphoneos;
			};
			name = Debug;
		};
		4C035D141A92E4E400C46B70 /* Release */ = {
			isa = XCBuildConfiguration;
			buildSettings = {
				ALWAYS_SEARCH_USER_PATHS = NO;
				CLANG_CXX_LANGUAGE_STANDARD = "gnu++0x";
				CLANG_CXX_LIBRARY = "libc++";
				CLANG_ENABLE_MODULES = YES;
				CLANG_ENABLE_OBJC_ARC = YES;
				CLANG_WARN_BOOL_CONVERSION = YES;
				CLANG_WARN_CONSTANT_CONVERSION = YES;
				CLANG_WARN_DIRECT_OBJC_ISA_USAGE = YES_ERROR;
				CLANG_WARN_EMPTY_BODY = YES;
				CLANG_WARN_ENUM_CONVERSION = YES;
				CLANG_WARN_INT_CONVERSION = YES;
				CLANG_WARN_OBJC_ROOT_CLASS = YES_ERROR;
				CLANG_WARN_UNREACHABLE_CODE = YES;
				CLANG_WARN__DUPLICATE_METHOD_MATCH = YES;
				"CODE_SIGN_IDENTITY[sdk=iphoneos*]" = "iPhone Developer";
				COPY_PHASE_STRIP = YES;
				ENABLE_NS_ASSERTIONS = NO;
				ENABLE_STRICT_OBJC_MSGSEND = YES;
				GCC_C_LANGUAGE_STANDARD = gnu99;
				GCC_WARN_64_TO_32_BIT_CONVERSION = YES;
				GCC_WARN_ABOUT_RETURN_TYPE = YES_ERROR;
				GCC_WARN_UNDECLARED_SELECTOR = YES;
				GCC_WARN_UNINITIALIZED_AUTOS = YES_AGGRESSIVE;
				GCC_WARN_UNUSED_FUNCTION = YES;
				GCC_WARN_UNUSED_VARIABLE = YES;
				IPHONEOS_DEPLOYMENT_TARGET = 8.2;
				MTL_ENABLE_DEBUG_INFO = NO;
				SDKROOT = iphoneos;
				VALIDATE_PRODUCT = YES;
			};
			name = Release;
		};
		4C035D161A92E4E400C46B70 /* Debug */ = {
			isa = XCBuildConfiguration;
			baseConfigurationReference = 8103B820AA5C520CAFE343BD /* Pods.debug.xcconfig */;
			buildSettings = {
				ASSETCATALOG_COMPILER_APPICON_NAME = AppIcon;
				INFOPLIST_FILE = newsWeb/Info.plist;
				LD_RUNPATH_SEARCH_PATHS = "$(inherited) @executable_path/Frameworks";
				PRODUCT_NAME = "$(TARGET_NAME)";
			};
			name = Debug;
		};
		4C035D171A92E4E400C46B70 /* Release */ = {
			isa = XCBuildConfiguration;
			baseConfigurationReference = A0CA126431487C66D00C9275 /* Pods.release.xcconfig */;
			buildSettings = {
				ASSETCATALOG_COMPILER_APPICON_NAME = AppIcon;
				INFOPLIST_FILE = newsWeb/Info.plist;
				LD_RUNPATH_SEARCH_PATHS = "$(inherited) @executable_path/Frameworks";
				PRODUCT_NAME = "$(TARGET_NAME)";
			};
			name = Release;
		};
		4C035D191A92E4E400C46B70 /* Debug */ = {
			isa = XCBuildConfiguration;
			buildSettings = {
				BUNDLE_LOADER = "$(TEST_HOST)";
				FRAMEWORK_SEARCH_PATHS = (
					"$(SDKROOT)/Developer/Library/Frameworks",
					"$(inherited)",
				);
				GCC_PREPROCESSOR_DEFINITIONS = (
					"DEBUG=1",
					"$(inherited)",
				);
				INFOPLIST_FILE = newsWebTests/Info.plist;
				LD_RUNPATH_SEARCH_PATHS = "$(inherited) @executable_path/Frameworks @loader_path/Frameworks";
				PRODUCT_NAME = "$(TARGET_NAME)";
				TEST_HOST = "$(BUILT_PRODUCTS_DIR)/newsWeb.app/newsWeb";
			};
			name = Debug;
		};
		4C035D1A1A92E4E400C46B70 /* Release */ = {
			isa = XCBuildConfiguration;
			buildSettings = {
				BUNDLE_LOADER = "$(TEST_HOST)";
				FRAMEWORK_SEARCH_PATHS = (
					"$(SDKROOT)/Developer/Library/Frameworks",
					"$(inherited)",
				);
				INFOPLIST_FILE = newsWebTests/Info.plist;
				LD_RUNPATH_SEARCH_PATHS = "$(inherited) @executable_path/Frameworks @loader_path/Frameworks";
				PRODUCT_NAME = "$(TARGET_NAME)";
				TEST_HOST = "$(BUILT_PRODUCTS_DIR)/newsWeb.app/newsWeb";
			};
			name = Release;
		};
/* End XCBuildConfiguration section */

/* Begin XCConfigurationList section */
		4C035CED1A92E4E400C46B70 /* Build configuration list for PBXProject "newsWeb" */ = {
			isa = XCConfigurationList;
			buildConfigurations = (
				4C035D131A92E4E400C46B70 /* Debug */,
				4C035D141A92E4E400C46B70 /* Release */,
			);
			defaultConfigurationIsVisible = 0;
			defaultConfigurationName = Release;
		};
		4C035D151A92E4E400C46B70 /* Build configuration list for PBXNativeTarget "newsWeb" */ = {
			isa = XCConfigurationList;
			buildConfigurations = (
				4C035D161A92E4E400C46B70 /* Debug */,
				4C035D171A92E4E400C46B70 /* Release */,
			);
			defaultConfigurationIsVisible = 0;
			defaultConfigurationName = Release;
		};
		4C035D181A92E4E400C46B70 /* Build configuration list for PBXNativeTarget "newsWebTests" */ = {
			isa = XCConfigurationList;
			buildConfigurations = (
				4C035D191A92E4E400C46B70 /* Debug */,
				4C035D1A1A92E4E400C46B70 /* Release */,
			);
			defaultConfigurationIsVisible = 0;
			defaultConfigurationName = Release;
		};
/* End XCConfigurationList section */
	};
	rootObject = 4C035CEA1A92E4E400C46B70 /* Project object */;
}
